{
  "name": "@bpmn-io/release",
  "version": "0.1.0",
  "lockfileVersion": 3,
  "requires": true,
  "packages": {
    "": {
      "name": "@bpmn-io/release",
      "version": "0.1.0",
      "license": "MIT",
      "bin": {
        "bio-release": "bin/release.js"
      },
      "engines": {
        "node": ">=22"
      }
    }
  }
}
