{
  "name": "@bpmn-io/release",
  "version": "0.1.0",
  "lockfileVersion": 3,
  "requires": true,
  "packages": {
    "": {
      "name": "@bpmn-io/release",
      "version": "0.1.0",
      "license": "MIT",
      "dependencies": {
        "nano-spawn": "^2.1.0"
      },
      "bin": {
        "bio-release": "bin/release.js"
      },
      "engines": {
        "node": ">=22"
      }
    },
    "node_modules/nano-spawn": {
      "version": "2.1.0",
      "resolved": "https://registry.npmjs.org/nano-spawn/-/nano-spawn-2.1.0.tgz",
      "integrity": "sha512-yTW+2okrElHiH4fsiz/+/zc0EDo9BDDoC3iKk8dpv1GeRc9nUWzUZHx6TofMWErchhUQR8hY9/Eu1Uja9x1nqA==",
      "license": "MIT",
      "engines": {
        "node": ">=20.17"
      },
      "funding": {
        "url": "https://github.com/sindresorhus/nano-spawn?sponsor=1"
      }
    }
  }
}
